
Microsoft Visual Studio Solution File, Format Version 12.00
# Visual Studio Version 17
VisualStudioVersion = 17.8.34525.116
MinimumVisualStudioVersion = 10.0.40219.1
Project("{FAE04EC0-301F-11D3-BF4B-00C04F79EFBC}") = "WinForm Task 3", "WinForm Task 3\WinForm Task 3.csproj", "{0009707C-86DE-424A-9BEB-A1D6561D84E7}"
EndProject
Global
	GlobalSection(SolutionConfigurationPlatforms) = preSolution
		Debug|Any CPU = Debug|Any CPU
		Release|Any CPU = Release|Any CPU
	EndGlobalSection
	GlobalSection(ProjectConfigurationPlatforms) = postSolution
		{0009707C-86DE-424A-9BEB-A1D6561D84E7}.Debug|Any CPU.ActiveCfg = Debug|Any CPU
		{0009707C-86DE-424A-9BEB-A1D6561D84E7}.Debug|Any CPU.Build.0 = Debug|Any CPU
		{0009707C-86DE-424A-9BEB-A1D6561D84E7}.Release|Any CPU.ActiveCfg = Release|Any CPU
		{0009707C-86DE-424A-9BEB-A1D6561D84E7}.Release|Any CPU.Build.0 = Release|Any CPU
	EndGlobalSection
	GlobalSection(SolutionProperties) = preSolution
		HideSolutionNode = FALSE
	EndGlobalSection
	GlobalSection(ExtensibilityGlobals) = postSolution
		SolutionGuid = {78E81256-1C04-4E83-8ECE-A995B3754161}
	EndGlobalSection
EndGlobal
